{
  "name": "Desenvolvimento_de_Sistemas",
  "lockfileVersion": 3,
  "requires": true,
  "packages": {
    "": {
      "devDependencies": {
        "@tsconfig/node22": "^22.0.5"
      }
    },
    "node_modules/@tsconfig/node22": {
      "version": "22.0.5",
      "resolved": "https://registry.npmjs.org/@tsconfig/node22/-/node22-22.0.5.tgz",
      "integrity": "sha512-hLf2ld+sYN/BtOJjHUWOk568dvjFQkHnLNa6zce25GIH+vxKfvTgm3qpaH6ToF5tu/NN0IH66s+Bb5wElHrLcw==",
      "dev": true,
      "license": "MIT"
    }
  }
}
